
Microsoft Visual Studio Solution File, Format Version 12.00
# Visual Studio 2012
Project("{FAE04EC0-301F-11D3-BF4B-00C04F79EFBC}") = "CSharpBasic_PrimitivetypesExpression", "CSharpBasic_PrimitivetypesExpression\CSharpBasic_PrimitivetypesExpression.csproj", "{BED59DEB-E67F-4FD7-8487-D38D119BEFC7}"
EndProject
Project("{FAE04EC0-301F-11D3-BF4B-00C04F79EFBC}") = "CSharpBasic_NonPrimitiveTypes", "CSharpBasic_NonPrimitiveTypes\CSharpBasic_NonPrimitiveTypes.csproj", "{70C130E0-F6B9-483E-A2DA-0BA19B593564}"
EndProject
Project("{FAE04EC0-301F-11D3-BF4B-00C04F79EFBC}") = "CSharpBasic_ControlFlow", "CSharpBasic_ControlFlow\CSharpBasic_ControlFlow.csproj", "{8715F6E1-B13E-4992-A172-D4CC7F4E5EB6}"
EndProject
Project("{FAE04EC0-301F-11D3-BF4B-00C04F79EFBC}") = "CSharpBasic_ArraysLists", "CSharpBasic_ArraysLists\CSharpBasic_ArraysLists.csproj", "{FBE2754D-2978-4AA2-826A-AAEB15C83ECE}"
EndProject
Project("{FAE04EC0-301F-11D3-BF4B-00C04F79EFBC}") = "CSharpBasic_DateTime", "CSharpBasic_DateTime\CSharpBasic_DateTime.csproj", "{B5D3CD2B-1E9D-4B90-B3F0-ED977EA787D7}"
EndProject
Project("{FAE04EC0-301F-11D3-BF4B-00C04F79EFBC}") = "CSharpBasic_Text", "CSharpBasic_Text\CSharpBasic_Text.csproj", "{44BD8685-C884-4A54-95BA-987F21013F1D}"
EndProject
Project("{FAE04EC0-301F-11D3-BF4B-00C04F79EFBC}") = "CSharpBasic_Files", "CSharpBasic_Files\CSharpBasic_Files.csproj", "{8F25CF76-4549-464C-AF13-88D5F6BC9283}"
EndProject
Global
	GlobalSection(SolutionConfigurationPlatforms) = preSolution
		Debug|x86 = Debug|x86
		Release|x86 = Release|x86
	EndGlobalSection
	GlobalSection(ProjectConfigurationPlatforms) = postSolution
		{BED59DEB-E67F-4FD7-8487-D38D119BEFC7}.Debug|x86.ActiveCfg = Debug|x86
		{BED59DEB-E67F-4FD7-8487-D38D119BEFC7}.Debug|x86.Build.0 = Debug|x86
		{BED59DEB-E67F-4FD7-8487-D38D119BEFC7}.Release|x86.ActiveCfg = Release|x86
		{BED59DEB-E67F-4FD7-8487-D38D119BEFC7}.Release|x86.Build.0 = Release|x86
		{70C130E0-F6B9-483E-A2DA-0BA19B593564}.Debug|x86.ActiveCfg = Debug|x86
		{70C130E0-F6B9-483E-A2DA-0BA19B593564}.Debug|x86.Build.0 = Debug|x86
		{70C130E0-F6B9-483E-A2DA-0BA19B593564}.Release|x86.ActiveCfg = Release|x86
		{70C130E0-F6B9-483E-A2DA-0BA19B593564}.Release|x86.Build.0 = Release|x86
		{8715F6E1-B13E-4992-A172-D4CC7F4E5EB6}.Debug|x86.ActiveCfg = Debug|x86
		{8715F6E1-B13E-4992-A172-D4CC7F4E5EB6}.Debug|x86.Build.0 = Debug|x86
		{8715F6E1-B13E-4992-A172-D4CC7F4E5EB6}.Release|x86.ActiveCfg = Release|x86
		{8715F6E1-B13E-4992-A172-D4CC7F4E5EB6}.Release|x86.Build.0 = Release|x86
		{FBE2754D-2978-4AA2-826A-AAEB15C83ECE}.Debug|x86.ActiveCfg = Debug|x86
		{FBE2754D-2978-4AA2-826A-AAEB15C83ECE}.Debug|x86.Build.0 = Debug|x86
		{FBE2754D-2978-4AA2-826A-AAEB15C83ECE}.Release|x86.ActiveCfg = Release|x86
		{FBE2754D-2978-4AA2-826A-AAEB15C83ECE}.Release|x86.Build.0 = Release|x86
		{B5D3CD2B-1E9D-4B90-B3F0-ED977EA787D7}.Debug|x86.ActiveCfg = Debug|x86
		{B5D3CD2B-1E9D-4B90-B3F0-ED977EA787D7}.Debug|x86.Build.0 = Debug|x86
		{B5D3CD2B-1E9D-4B90-B3F0-ED977EA787D7}.Release|x86.ActiveCfg = Release|x86
		{B5D3CD2B-1E9D-4B90-B3F0-ED977EA787D7}.Release|x86.Build.0 = Release|x86
		{44BD8685-C884-4A54-95BA-987F21013F1D}.Debug|x86.ActiveCfg = Debug|x86
		{44BD8685-C884-4A54-95BA-987F21013F1D}.Debug|x86.Build.0 = Debug|x86
		{44BD8685-C884-4A54-95BA-987F21013F1D}.Release|x86.ActiveCfg = Release|x86
		{44BD8685-C884-4A54-95BA-987F21013F1D}.Release|x86.Build.0 = Release|x86
		{8F25CF76-4549-464C-AF13-88D5F6BC9283}.Debug|x86.ActiveCfg = Debug|x86
		{8F25CF76-4549-464C-AF13-88D5F6BC9283}.Debug|x86.Build.0 = Debug|x86
		{8F25CF76-4549-464C-AF13-88D5F6BC9283}.Release|x86.ActiveCfg = Release|x86
		{8F25CF76-4549-464C-AF13-88D5F6BC9283}.Release|x86.Build.0 = Release|x86
	EndGlobalSection
EndGlobal
